
Microsoft Visual Studio Solution File, Format Version 12.00
# Visual Studio Version 17
VisualStudioVersion = 17.7.34024.191
MinimumVisualStudioVersion = 10.0.40219.1
Project("{FAE04EC0-301F-11D3-BF4B-00C04F79EFBC}") = "ExamenSegundaParte", "ExamenSegundaParte\ExamenSegundaParte.csproj", "{7028FCF1-5E1F-4D64-AD01-C5D76C882CEF}"
EndProject
Project("{FAE04EC0-301F-11D3-BF4B-00C04F79EFBC}") = "PL", "PL\PL.csproj", "{D171D4AF-B368-4E42-9A0B-48580CF167F1}"
EndProject
Project("{FAE04EC0-301F-11D3-BF4B-00C04F79EFBC}") = "ML", "ML\ML.csproj", "{03F3DC66-2756-47D4-BE93-78D7DDD6AF07}"
EndProject
Project("{FAE04EC0-301F-11D3-BF4B-00C04F79EFBC}") = "DL", "DL\DL.csproj", "{98CC9D8F-119B-4ABE-821A-13864D41A60C}"
EndProject
Project("{FAE04EC0-301F-11D3-BF4B-00C04F79EFBC}") = "BL", "BL\BL.csproj", "{D459625C-24A8-4069-8500-7FDC5576B7AF}"
EndProject
Global
	GlobalSection(SolutionConfigurationPlatforms) = preSolution
		Debug|Any CPU = Debug|Any CPU
		Release|Any CPU = Release|Any CPU
	EndGlobalSection
	GlobalSection(ProjectConfigurationPlatforms) = postSolution
		{7028FCF1-5E1F-4D64-AD01-C5D76C882CEF}.Debug|Any CPU.ActiveCfg = Debug|Any CPU
		{7028FCF1-5E1F-4D64-AD01-C5D76C882CEF}.Debug|Any CPU.Build.0 = Debug|Any CPU
		{7028FCF1-5E1F-4D64-AD01-C5D76C882CEF}.Release|Any CPU.ActiveCfg = Release|Any CPU
		{7028FCF1-5E1F-4D64-AD01-C5D76C882CEF}.Release|Any CPU.Build.0 = Release|Any CPU
		{D171D4AF-B368-4E42-9A0B-48580CF167F1}.Debug|Any CPU.ActiveCfg = Debug|Any CPU
		{D171D4AF-B368-4E42-9A0B-48580CF167F1}.Debug|Any CPU.Build.0 = Debug|Any CPU
		{D171D4AF-B368-4E42-9A0B-48580CF167F1}.Release|Any CPU.ActiveCfg = Release|Any CPU
		{D171D4AF-B368-4E42-9A0B-48580CF167F1}.Release|Any CPU.Build.0 = Release|Any CPU
		{03F3DC66-2756-47D4-BE93-78D7DDD6AF07}.Debug|Any CPU.ActiveCfg = Debug|Any CPU
		{03F3DC66-2756-47D4-BE93-78D7DDD6AF07}.Debug|Any CPU.Build.0 = Debug|Any CPU
		{03F3DC66-2756-47D4-BE93-78D7DDD6AF07}.Release|Any CPU.ActiveCfg = Release|Any CPU
		{03F3DC66-2756-47D4-BE93-78D7DDD6AF07}.Release|Any CPU.Build.0 = Release|Any CPU
		{98CC9D8F-119B-4ABE-821A-13864D41A60C}.Debug|Any CPU.ActiveCfg = Debug|Any CPU
		{98CC9D8F-119B-4ABE-821A-13864D41A60C}.Debug|Any CPU.Build.0 = Debug|Any CPU
		{98CC9D8F-119B-4ABE-821A-13864D41A60C}.Release|Any CPU.ActiveCfg = Release|Any CPU
		{98CC9D8F-119B-4ABE-821A-13864D41A60C}.Release|Any CPU.Build.0 = Release|Any CPU
		{D459625C-24A8-4069-8500-7FDC5576B7AF}.Debug|Any CPU.ActiveCfg = Debug|Any CPU
		{D459625C-24A8-4069-8500-7FDC5576B7AF}.Debug|Any CPU.Build.0 = Debug|Any CPU
		{D459625C-24A8-4069-8500-7FDC5576B7AF}.Release|Any CPU.ActiveCfg = Release|Any CPU
		{D459625C-24A8-4069-8500-7FDC5576B7AF}.Release|Any CPU.Build.0 = Release|Any CPU
	EndGlobalSection
	GlobalSection(SolutionProperties) = preSolution
		HideSolutionNode = FALSE
	EndGlobalSection
	GlobalSection(ExtensibilityGlobals) = postSolution
		SolutionGuid = {4FEB049F-0B35-472A-BB6B-B2BF99DEEEBC}
	EndGlobalSection
EndGlobal
